
Microsoft Visual Studio Solution File, Format Version 12.00
# Visual Studio Version 16
VisualStudioVersion = 16.0.31624.102
MinimumVisualStudioVersion = 10.0.40219.1
Project("{9A19103F-16F7-4668-BE54-9A1E7A4F7556}") = "Core", "Core\Core.csproj", "{E49FF553-ECCF-4EF1-8B4A-CF42D314965B}"
EndProject
Project("{9A19103F-16F7-4668-BE54-9A1E7A4F7556}") = "Data", "Data\Data.csproj", "{2C94CD43-D27C-46AA-B12C-3B18A02A3772}"
EndProject
Project("{9A19103F-16F7-4668-BE54-9A1E7A4F7556}") = "Services", "Services\Services.csproj", "{B6A24192-4686-4F02-9E91-BB091FBDBBC9}"
EndProject
Project("{9A19103F-16F7-4668-BE54-9A1E7A4F7556}") = "WebAPI", "WebAPI\WebAPI.csproj", "{EAEDC87B-BC87-442C-9F77-58C1921D079E}"
EndProject
Global
	GlobalSection(SolutionConfigurationPlatforms) = preSolution
		Debug|Any CPU = Debug|Any CPU
		Release|Any CPU = Release|Any CPU
	EndGlobalSection
	GlobalSection(ProjectConfigurationPlatforms) = postSolution
		{E49FF553-ECCF-4EF1-8B4A-CF42D314965B}.Debug|Any CPU.ActiveCfg = Debug|Any CPU
		{E49FF553-ECCF-4EF1-8B4A-CF42D314965B}.Debug|Any CPU.Build.0 = Debug|Any CPU
		{E49FF553-ECCF-4EF1-8B4A-CF42D314965B}.Release|Any CPU.ActiveCfg = Release|Any CPU
		{E49FF553-ECCF-4EF1-8B4A-CF42D314965B}.Release|Any CPU.Build.0 = Release|Any CPU
		{2C94CD43-D27C-46AA-B12C-3B18A02A3772}.Debug|Any CPU.ActiveCfg = Debug|Any CPU
		{2C94CD43-D27C-46AA-B12C-3B18A02A3772}.Debug|Any CPU.Build.0 = Debug|Any CPU
		{2C94CD43-D27C-46AA-B12C-3B18A02A3772}.Release|Any CPU.ActiveCfg = Release|Any CPU
		{2C94CD43-D27C-46AA-B12C-3B18A02A3772}.Release|Any CPU.Build.0 = Release|Any CPU
		{B6A24192-4686-4F02-9E91-BB091FBDBBC9}.Debug|Any CPU.ActiveCfg = Debug|Any CPU
		{B6A24192-4686-4F02-9E91-BB091FBDBBC9}.Debug|Any CPU.Build.0 = Debug|Any CPU
		{B6A24192-4686-4F02-9E91-BB091FBDBBC9}.Release|Any CPU.ActiveCfg = Release|Any CPU
		{B6A24192-4686-4F02-9E91-BB091FBDBBC9}.Release|Any CPU.Build.0 = Release|Any CPU
		{EAEDC87B-BC87-442C-9F77-58C1921D079E}.Debug|Any CPU.ActiveCfg = Debug|Any CPU
		{EAEDC87B-BC87-442C-9F77-58C1921D079E}.Debug|Any CPU.Build.0 = Debug|Any CPU
		{EAEDC87B-BC87-442C-9F77-58C1921D079E}.Release|Any CPU.ActiveCfg = Release|Any CPU
		{EAEDC87B-BC87-442C-9F77-58C1921D079E}.Release|Any CPU.Build.0 = Release|Any CPU
	EndGlobalSection
	GlobalSection(SolutionProperties) = preSolution
		HideSolutionNode = FALSE
	EndGlobalSection
	GlobalSection(ExtensibilityGlobals) = postSolution
		SolutionGuid = {E73D9658-4F79-47E3-B14C-4D53754617CC}
	EndGlobalSection
EndGlobal
